
Microsoft Visual Studio Solution File, Format Version 12.00
# Visual Studio Version 16
VisualStudioVersion = 16.0.29519.181
MinimumVisualStudioVersion = 10.0.40219.1
Project("{9A19103F-16F7-4668-BE54-9A1E7A4F7556}") = "Practice", "Practice\Practice.csproj", "{1E4A98E6-D61F-4B0A-B136-D236FAEB120E}"
EndProject
Project("{9A19103F-16F7-4668-BE54-9A1E7A4F7556}") = "Models", "Models\Models.csproj", "{6B921939-B223-4084-B893-19BD481D8A67}"
EndProject
Project("{9A19103F-16F7-4668-BE54-9A1E7A4F7556}") = "DatabaseConnector", "DatabaseConnector\DatabaseConnector.csproj", "{DACFFF0E-6FAF-44B0-865C-2D037FA1B46D}"
EndProject
Global
	GlobalSection(SolutionConfigurationPlatforms) = preSolution
		Debug|Any CPU = Debug|Any CPU
		Release|Any CPU = Release|Any CPU
	EndGlobalSection
	GlobalSection(ProjectConfigurationPlatforms) = postSolution
		{1E4A98E6-D61F-4B0A-B136-D236FAEB120E}.Debug|Any CPU.ActiveCfg = Debug|Any CPU
		{1E4A98E6-D61F-4B0A-B136-D236FAEB120E}.Debug|Any CPU.Build.0 = Debug|Any CPU
		{1E4A98E6-D61F-4B0A-B136-D236FAEB120E}.Release|Any CPU.ActiveCfg = Release|Any CPU
		{1E4A98E6-D61F-4B0A-B136-D236FAEB120E}.Release|Any CPU.Build.0 = Release|Any CPU
		{6B921939-B223-4084-B893-19BD481D8A67}.Debug|Any CPU.ActiveCfg = Debug|Any CPU
		{6B921939-B223-4084-B893-19BD481D8A67}.Debug|Any CPU.Build.0 = Debug|Any CPU
		{6B921939-B223-4084-B893-19BD481D8A67}.Release|Any CPU.ActiveCfg = Release|Any CPU
		{6B921939-B223-4084-B893-19BD481D8A67}.Release|Any CPU.Build.0 = Release|Any CPU
		{DACFFF0E-6FAF-44B0-865C-2D037FA1B46D}.Debug|Any CPU.ActiveCfg = Debug|Any CPU
		{DACFFF0E-6FAF-44B0-865C-2D037FA1B46D}.Debug|Any CPU.Build.0 = Debug|Any CPU
		{DACFFF0E-6FAF-44B0-865C-2D037FA1B46D}.Release|Any CPU.ActiveCfg = Release|Any CPU
		{DACFFF0E-6FAF-44B0-865C-2D037FA1B46D}.Release|Any CPU.Build.0 = Release|Any CPU
	EndGlobalSection
	GlobalSection(SolutionProperties) = preSolution
		HideSolutionNode = FALSE
	EndGlobalSection
	GlobalSection(ExtensibilityGlobals) = postSolution
		SolutionGuid = {55A121D1-6C40-47C5-AC12-CD9662C5F8C4}
	EndGlobalSection
EndGlobal
